
Microsoft Visual Studio Solution File, Format Version 12.00
# Visual Studio Version 17
VisualStudioVersion = 17.7.34031.279
MinimumVisualStudioVersion = 10.0.40219.1
Project("{FAE04EC0-301F-11D3-BF4B-00C04F79EFBC}") = "FilmesApi", "FilmesApi.csproj", "{1CE513D1-8549-47D7-BA3B-00F4883E2F7B}"
EndProject
Global
	GlobalSection(SolutionConfigurationPlatforms) = preSolution
		Debug|Any CPU = Debug|Any CPU
		Release|Any CPU = Release|Any CPU
	EndGlobalSection
	GlobalSection(ProjectConfigurationPlatforms) = postSolution
		{1CE513D1-8549-47D7-BA3B-00F4883E2F7B}.Debug|Any CPU.ActiveCfg = Debug|Any CPU
		{1CE513D1-8549-47D7-BA3B-00F4883E2F7B}.Debug|Any CPU.Build.0 = Debug|Any CPU
		{1CE513D1-8549-47D7-BA3B-00F4883E2F7B}.Release|Any CPU.ActiveCfg = Release|Any CPU
		{1CE513D1-8549-47D7-BA3B-00F4883E2F7B}.Release|Any CPU.Build.0 = Release|Any CPU
	EndGlobalSection
	GlobalSection(SolutionProperties) = preSolution
		HideSolutionNode = FALSE
	EndGlobalSection
	GlobalSection(ExtensibilityGlobals) = postSolution
		SolutionGuid = {E5EBC9F3-E217-4476-AEF5-8A6A24C31B46}
	EndGlobalSection
EndGlobal
